
Microsoft Visual Studio Solution File, Format Version 12.00
# Visual Studio Version 17
VisualStudioVersion = 17.14.36623.8 d17.14
MinimumVisualStudioVersion = 10.0.40219.1
Project("{FAE04EC0-301F-11D3-BF4B-00C04F79EFBC}") = "ZirveBinaYonetimi", "ZirveBinaYonetimi.csproj", "{D03EE7DE-7D8D-D0D9-E225-CAB7AF0FF680}"
EndProject
Global
	GlobalSection(SolutionConfigurationPlatforms) = preSolution
		Debug|Any CPU = Debug|Any CPU
		Release|Any CPU = Release|Any CPU
	EndGlobalSection
	GlobalSection(ProjectConfigurationPlatforms) = postSolution
		{D03EE7DE-7D8D-D0D9-E225-CAB7AF0FF680}.Debug|Any CPU.ActiveCfg = Debug|Any CPU
		{D03EE7DE-7D8D-D0D9-E225-CAB7AF0FF680}.Debug|Any CPU.Build.0 = Debug|Any CPU
		{D03EE7DE-7D8D-D0D9-E225-CAB7AF0FF680}.Release|Any CPU.ActiveCfg = Release|Any CPU
		{D03EE7DE-7D8D-D0D9-E225-CAB7AF0FF680}.Release|Any CPU.Build.0 = Release|Any CPU
	EndGlobalSection
	GlobalSection(SolutionProperties) = preSolution
		HideSolutionNode = FALSE
	EndGlobalSection
	GlobalSection(ExtensibilityGlobals) = postSolution
		SolutionGuid = {11642F8B-EDCC-4AE6-9C63-79CF4FC8639E}
	EndGlobalSection
EndGlobal
